
Microsoft Visual Studio Solution File, Format Version 12.00
# Visual Studio Version 16
VisualStudioVersion = 16.0.29926.136
MinimumVisualStudioVersion = 10.0.40219.1
Project("{FAE04EC0-301F-11D3-BF4B-00C04F79EFBC}") = "Laboratorio4", "Laboratorio4\Laboratorio4.csproj", "{6C398C42-9B56-4249-BFE0-5ED94F196250}"
EndProject
Global
	GlobalSection(SolutionConfigurationPlatforms) = preSolution
		Debug|Any CPU = Debug|Any CPU
		Release|Any CPU = Release|Any CPU
	EndGlobalSection
	GlobalSection(ProjectConfigurationPlatforms) = postSolution
		{6C398C42-9B56-4249-BFE0-5ED94F196250}.Debug|Any CPU.ActiveCfg = Debug|Any CPU
		{6C398C42-9B56-4249-BFE0-5ED94F196250}.Debug|Any CPU.Build.0 = Debug|Any CPU
		{6C398C42-9B56-4249-BFE0-5ED94F196250}.Release|Any CPU.ActiveCfg = Release|Any CPU
		{6C398C42-9B56-4249-BFE0-5ED94F196250}.Release|Any CPU.Build.0 = Release|Any CPU
	EndGlobalSection
	GlobalSection(SolutionProperties) = preSolution
		HideSolutionNode = FALSE
	EndGlobalSection
	GlobalSection(ExtensibilityGlobals) = postSolution
		SolutionGuid = {2D52C1A1-B559-49E7-8C0E-A9F815087954}
	EndGlobalSection
EndGlobal
